<?xml version="1.0" encoding="UTF-8" standalone="yes" ?>
<CodeBlocks_project_file>
	<FileVersion major="1" minor="6" />
	<Project>
		<Option title="UARTFlasher" />
		<Option pch_mode="2" />
		<Option compiler="gcc" />
		<Build>
			<Target title="Debug">
				<Option output="bin/Debug/UARTFlasher" prefix_auto="1" extension_auto="1" />
				<Option object_output="obj/Debug/" />
				<Option type="1" />
				<Option compiler="gcc" />
				<Compiler>
					<Add option="-g" />
				</Compiler>
			</Target>
			<Target title="Release">
				<Option output="bin/Release/UARTFlasher" prefix_auto="1" extension_auto="1" />
				<Option object_output="obj/Release/" />
				<Option type="1" />
				<Option compiler="gcc" />
				<Compiler>
					<Add option="-O2" />
				</Compiler>
				<Linker>
					<Add option="-s" />
				</Linker>
			</Target>
		</Build>
		<Compiler>
			<Add option="-Wall" />
		</Compiler>
		<Unit filename="Bootloader/Bootloader.c">
			<Option compilerVar="CC" />
		</Unit>
		<Unit filename="Bootloader/Bootloader.h" />
		<Unit filename="ComPort/ComPort.c">
			<Option compilerVar="CC" />
		</Unit>
		<Unit filename="ComPort/ComPort.h" />
		<Unit filename="Config.h" />
		<Unit filename="Core/Core.c">
			<Option compilerVar="CC" />
		</Unit>
		<Unit filename="Core/Core.h" />
		<Unit filename="Crc16/Crc16.c">
			<Option compilerVar="CC" />
		</Unit>
		<Unit filename="Crc16/Crc16.h" />
		<Unit filename="Intel_HEX_parser/ihex_parser/ihex_parser.c">
			<Option compilerVar="CC" />
		</Unit>
		<Unit filename="Intel_HEX_parser/ihex_parser/ihex_parser.h" />
		<Unit filename="RS-232/rs232.c">
			<Option compilerVar="CC" />
		</Unit>
		<Unit filename="RS-232/rs232.h" />
		<Unit filename="main.c">
			<Option compilerVar="CC" />
		</Unit>
		<Extensions>
			<lib_finder disable_auto="1" />
		</Extensions>
	</Project>
</CodeBlocks_project_file>
